
Microsoft Visual Studio Solution File, Format Version 12.00
# Visual Studio 15
VisualStudioVersion = 15.0.28307.271
MinimumVisualStudioVersion = 10.0.40219.1
Project("{FAE04EC0-301F-11D3-BF4B-00C04F79EFBC}") = "PhotoHelper.Android", "PhotoHelper\PhotoHelper.Android\PhotoHelper.Android.csproj", "{2AF2DA37-A085-46CA-B1D6-D0A8E8F472D8}"
EndProject
Project("{FAE04EC0-301F-11D3-BF4B-00C04F79EFBC}") = "PhotoHelper.iOS", "PhotoHelper\PhotoHelper.iOS\PhotoHelper.iOS.csproj", "{D2F3196B-4F50-4453-B5CB-5E937F01C36E}"
EndProject
Project("{FAE04EC0-301F-11D3-BF4B-00C04F79EFBC}") = "PhotoHelper.UWP", "PhotoHelper\PhotoHelper.UWP\PhotoHelper.UWP.csproj", "{6AB731DF-F6EB-4DA2-85EA-4D0E5AE0E52A}"
EndProject
Project("{FAE04EC0-301F-11D3-BF4B-00C04F79EFBC}") = "PhotoHelper", "PhotoHelper\PhotoHelper\PhotoHelper.csproj", "{165D6220-D8B8-43E6-AA55-E75B6675D40B}"
EndProject
Global
	GlobalSection(SolutionConfigurationPlatforms) = preSolution
		Ad-Hoc|Any CPU = Ad-Hoc|Any CPU
		Ad-Hoc|ARM = Ad-Hoc|ARM
		Ad-Hoc|iPhone = Ad-Hoc|iPhone
		Ad-Hoc|iPhoneSimulator = Ad-Hoc|iPhoneSimulator
		Ad-Hoc|x64 = Ad-Hoc|x64
		Ad-Hoc|x86 = Ad-Hoc|x86
		AppStore|Any CPU = AppStore|Any CPU
		AppStore|ARM = AppStore|ARM
		AppStore|iPhone = AppStore|iPhone
		AppStore|iPhoneSimulator = AppStore|iPhoneSimulator
		AppStore|x64 = AppStore|x64
		AppStore|x86 = AppStore|x86
		Debug|Any CPU = Debug|Any CPU
		Debug|ARM = Debug|ARM
		Debug|iPhone = Debug|iPhone
		Debug|iPhoneSimulator = Debug|iPhoneSimulator
		Debug|x64 = Debug|x64
		Debug|x86 = Debug|x86
		Release|Any CPU = Release|Any CPU
		Release|ARM = Release|ARM
		Release|iPhone = Release|iPhone
		Release|iPhoneSimulator = Release|iPhoneSimulator
		Release|x64 = Release|x64
		Release|x86 = Release|x86
	EndGlobalSection
	GlobalSection(ProjectConfigurationPlatforms) = postSolution
		{2AF2DA37-A085-46CA-B1D6-D0A8E8F472D8}.Ad-Hoc|Any CPU.ActiveCfg = Release|Any CPU
		{2AF2DA37-A085-46CA-B1D6-D0A8E8F472D8}.Ad-Hoc|Any CPU.Build.0 = Release|Any CPU
		{2AF2DA37-A085-46CA-B1D6-D0A8E8F472D8}.Ad-Hoc|Any CPU.Deploy.0 = Release|Any CPU
		{2AF2DA37-A085-46CA-B1D6-D0A8E8F472D8}.Ad-Hoc|ARM.ActiveCfg = Release|Any CPU
		{2AF2DA37-A085-46CA-B1D6-D0A8E8F472D8}.Ad-Hoc|ARM.Build.0 = Release|Any CPU
		{2AF2DA37-A085-46CA-B1D6-D0A8E8F472D8}.Ad-Hoc|ARM.Deploy.0 = Release|Any CPU
		{2AF2DA37-A085-46CA-B1D6-D0A8E8F472D8}.Ad-Hoc|iPhone.ActiveCfg = Release|Any CPU
		{2AF2DA37-A085-46CA-B1D6-D0A8E8F472D8}.Ad-Hoc|iPhone.Build.0 = Release|Any CPU
		{2AF2DA37-A085-46CA-B1D6-D0A8E8F472D8}.Ad-Hoc|iPhone.Deploy.0 = Release|Any CPU
		{2AF2DA37-A085-46CA-B1D6-D0A8E8F472D8}.Ad-Hoc|iPhoneSimulator.ActiveCfg = Release|Any CPU
		{2AF2DA37-A085-46CA-B1D6-D0A8E8F472D8}.Ad-Hoc|iPhoneSimulator.Build.0 = Release|Any CPU
		{2AF2DA37-A085-46CA-B1D6-D0A8E8F472D8}.Ad-Hoc|iPhoneSimulator.Deploy.0 = Release|Any CPU
		{2AF2DA37-A085-46CA-B1D6-D0A8E8F472D8}.Ad-Hoc|x64.ActiveCfg = Release|Any CPU
		{2AF2DA37-A085-46CA-B1D6-D0A8E8F472D8}.Ad-Hoc|x64.Build.0 = Release|Any CPU
		{2AF2DA37-A085-46CA-B1D6-D0A8E8F472D8}.Ad-Hoc|x64.Deploy.0 = Release|Any CPU
		{2AF2DA37-A085-46CA-B1D6-D0A8E8F472D8}.Ad-Hoc|x86.ActiveCfg = Release|Any CPU
		{2AF2DA37-A085-46CA-B1D6-D0A8E8F472D8}.Ad-Hoc|x86.Build.0 = Release|Any CPU
		{2AF2DA37-A085-46CA-B1D6-D0A8E8F472D8}.Ad-Hoc|x86.Deploy.0 = Release|Any CPU
		{2AF2DA37-A085-46CA-B1D6-D0A8E8F472D8}.AppStore|Any CPU.ActiveCfg = Release|Any CPU
		{2AF2DA37-A085-46CA-B1D6-D0A8E8F472D8}.AppStore|Any CPU.Build.0 = Release|Any CPU
		{2AF2DA37-A085-46CA-B1D6-D0A8E8F472D8}.AppStore|Any CPU.Deploy.0 = Release|Any CPU
		{2AF2DA37-A085-46CA-B1D6-D0A8E8F472D8}.AppStore|ARM.ActiveCfg = Release|Any CPU
		{2AF2DA37-A085-46CA-B1D6-D0A8E8F472D8}.AppStore|ARM.Build.0 = Release|Any CPU
		{2AF2DA37-A085-46CA-B1D6-D0A8E8F472D8}.AppStore|ARM.Deploy.0 = Release|Any CPU
		{2AF2DA37-A085-46CA-B1D6-D0A8E8F472D8}.AppStore|iPhone.ActiveCfg = Release|Any CPU
		{2AF2DA37-A085-46CA-B1D6-D0A8E8F472D8}.AppStore|iPhone.Build.0 = Release|Any CPU
		{2AF2DA37-A085-46CA-B1D6-D0A8E8F472D8}.AppStore|iPhone.Deploy.0 = Release|Any CPU
		{2AF2DA37-A085-46CA-B1D6-D0A8E8F472D8}.AppStore|iPhoneSimulator.ActiveCfg = Release|Any CPU
		{2AF2DA37-A085-46CA-B1D6-D0A8E8F472D8}.AppStore|iPhoneSimulator.Build.0 = Release|Any CPU
		{2AF2DA37-A085-46CA-B1D6-D0A8E8F472D8}.AppStore|iPhoneSimulator.Deploy.0 = Release|Any CPU
		{2AF2DA37-A085-46CA-B1D6-D0A8E8F472D8}.AppStore|x64.ActiveCfg = Release|Any CPU
		{2AF2DA37-A085-46CA-B1D6-D0A8E8F472D8}.AppStore|x64.Build.0 = Release|Any CPU
		{2AF2DA37-A085-46CA-B1D6-D0A8E8F472D8}.AppStore|x64.Deploy.0 = Release|Any CPU
		{2AF2DA37-A085-46CA-B1D6-D0A8E8F472D8}.AppStore|x86.ActiveCfg = Release|Any CPU
		{2AF2DA37-A085-46CA-B1D6-D0A8E8F472D8}.AppStore|x86.Build.0 = Release|Any CPU
		{2AF2DA37-A085-46CA-B1D6-D0A8E8F472D8}.AppStore|x86.Deploy.0 = Release|Any CPU
		{2AF2DA37-A085-46CA-B1D6-D0A8E8F472D8}.Debug|Any CPU.ActiveCfg = Debug|Any CPU
		{2AF2DA37-A085-46CA-B1D6-D0A8E8F472D8}.Debug|Any CPU.Build.0 = Debug|Any CPU
		{2AF2DA37-A085-46CA-B1D6-D0A8E8F472D8}.Debug|Any CPU.Deploy.0 = Debug|Any CPU
		{2AF2DA37-A085-46CA-B1D6-D0A8E8F472D8}.Debug|ARM.ActiveCfg = Debug|Any CPU
		{2AF2DA37-A085-46CA-B1D6-D0A8E8F472D8}.Debug|ARM.Build.0 = Debug|Any CPU
		{2AF2DA37-A085-46CA-B1D6-D0A8E8F472D8}.Debug|ARM.Deploy.0 = Debug|Any CPU
		{2AF2DA37-A085-46CA-B1D6-D0A8E8F472D8}.Debug|iPhone.ActiveCfg = Debug|Any CPU
		{2AF2DA37-A085-46CA-B1D6-D0A8E8F472D8}.Debug|iPhone.Build.0 = Debug|Any CPU
		{2AF2DA37-A085-46CA-B1D6-D0A8E8F472D8}.Debug|iPhone.Deploy.0 = Debug|Any CPU
		{2AF2DA37-A085-46CA-B1D6-D0A8E8F472D8}.Debug|iPhoneSimulator.ActiveCfg = Debug|Any CPU
		{2AF2DA37-A085-46CA-B1D6-D0A8E8F472D8}.Debug|iPhoneSimulator.Build.0 = Debug|Any CPU
		{2AF2DA37-A085-46CA-B1D6-D0A8E8F472D8}.Debug|iPhoneSimulator.Deploy.0 = Debug|Any CPU
		{2AF2DA37-A085-46CA-B1D6-D0A8E8F472D8}.Debug|x64.ActiveCfg = Debug|Any CPU
		{2AF2DA37-A085-46CA-B1D6-D0A8E8F472D8}.Debug|x64.Build.0 = Debug|Any CPU
		{2AF2DA37-A085-46CA-B1D6-D0A8E8F472D8}.Debug|x64.Deploy.0 = Debug|Any CPU
		{2AF2DA37-A085-46CA-B1D6-D0A8E8F472D8}.Debug|x86.ActiveCfg = Debug|Any CPU
		{2AF2DA37-A085-46CA-B1D6-D0A8E8F472D8}.Debug|x86.Build.0 = Debug|Any CPU
		{2AF2DA37-A085-46CA-B1D6-D0A8E8F472D8}.Debug|x86.Deploy.0 = Debug|Any CPU
		{2AF2DA37-A085-46CA-B1D6-D0A8E8F472D8}.Release|Any CPU.ActiveCfg = Release|Any CPU
		{2AF2DA37-A085-46CA-B1D6-D0A8E8F472D8}.Release|Any CPU.Build.0 = Release|Any CPU
		{2AF2DA37-A085-46CA-B1D6-D0A8E8F472D8}.Release|Any CPU.Deploy.0 = Release|Any CPU
		{2AF2DA37-A085-46CA-B1D6-D0A8E8F472D8}.Release|ARM.ActiveCfg = Release|Any CPU
		{2AF2DA37-A085-46CA-B1D6-D0A8E8F472D8}.Release|ARM.Build.0 = Release|Any CPU
		{2AF2DA37-A085-46CA-B1D6-D0A8E8F472D8}.Release|ARM.Deploy.0 = Release|Any CPU
		{2AF2DA37-A085-46CA-B1D6-D0A8E8F472D8}.Release|iPhone.ActiveCfg = Release|Any CPU
		{2AF2DA37-A085-46CA-B1D6-D0A8E8F472D8}.Release|iPhone.Build.0 = Release|Any CPU
		{2AF2DA37-A085-46CA-B1D6-D0A8E8F472D8}.Release|iPhone.Deploy.0 = Release|Any CPU
		{2AF2DA37-A085-46CA-B1D6-D0A8E8F472D8}.Release|iPhoneSimulator.ActiveCfg = Release|Any CPU
		{2AF2DA37-A085-46CA-B1D6-D0A8E8F472D8}.Release|iPhoneSimulator.Build.0 = Release|Any CPU
		{2AF2DA37-A085-46CA-B1D6-D0A8E8F472D8}.Release|iPhoneSimulator.Deploy.0 = Release|Any CPU
		{2AF2DA37-A085-46CA-B1D6-D0A8E8F472D8}.Release|x64.ActiveCfg = Release|Any CPU
		{2AF2DA37-A085-46CA-B1D6-D0A8E8F472D8}.Release|x64.Build.0 = Release|Any CPU
		{2AF2DA37-A085-46CA-B1D6-D0A8E8F472D8}.Release|x64.Deploy.0 = Release|Any CPU
		{2AF2DA37-A085-46CA-B1D6-D0A8E8F472D8}.Release|x86.ActiveCfg = Release|Any CPU
		{2AF2DA37-A085-46CA-B1D6-D0A8E8F472D8}.Release|x86.Build.0 = Release|Any CPU
		{2AF2DA37-A085-46CA-B1D6-D0A8E8F472D8}.Release|x86.Deploy.0 = Release|Any CPU
		{D2F3196B-4F50-4453-B5CB-5E937F01C36E}.Ad-Hoc|Any CPU.ActiveCfg = Ad-Hoc|iPhone
		{D2F3196B-4F50-4453-B5CB-5E937F01C36E}.Ad-Hoc|Any CPU.Build.0 = Ad-Hoc|iPhone
		{D2F3196B-4F50-4453-B5CB-5E937F01C36E}.Ad-Hoc|Any CPU.Deploy.0 = Ad-Hoc|iPhone
		{D2F3196B-4F50-4453-B5CB-5E937F01C36E}.Ad-Hoc|ARM.ActiveCfg = Ad-Hoc|iPhone
		{D2F3196B-4F50-4453-B5CB-5E937F01C36E}.Ad-Hoc|ARM.Build.0 = Ad-Hoc|iPhone
		{D2F3196B-4F50-4453-B5CB-5E937F01C36E}.Ad-Hoc|ARM.Deploy.0 = Ad-Hoc|iPhone
		{D2F3196B-4F50-4453-B5CB-5E937F01C36E}.Ad-Hoc|iPhone.ActiveCfg = Ad-Hoc|iPhone
		{D2F3196B-4F50-4453-B5CB-5E937F01C36E}.Ad-Hoc|iPhone.Build.0 = Ad-Hoc|iPhone
		{D2F3196B-4F50-4453-B5CB-5E937F01C36E}.Ad-Hoc|iPhone.Deploy.0 = Ad-Hoc|iPhone
		{D2F3196B-4F50-4453-B5CB-5E937F01C36E}.Ad-Hoc|iPhoneSimulator.ActiveCfg = Ad-Hoc|iPhoneSimulator
		{D2F3196B-4F50-4453-B5CB-5E937F01C36E}.Ad-Hoc|iPhoneSimulator.Build.0 = Ad-Hoc|iPhoneSimulator
		{D2F3196B-4F50-4453-B5CB-5E937F01C36E}.Ad-Hoc|iPhoneSimulator.Deploy.0 = Ad-Hoc|iPhoneSimulator
		{D2F3196B-4F50-4453-B5CB-5E937F01C36E}.Ad-Hoc|x64.ActiveCfg = Ad-Hoc|iPhone
		{D2F3196B-4F50-4453-B5CB-5E937F01C36E}.Ad-Hoc|x64.Build.0 = Ad-Hoc|iPhone
		{D2F3196B-4F50-4453-B5CB-5E937F01C36E}.Ad-Hoc|x64.Deploy.0 = Ad-Hoc|iPhone
		{D2F3196B-4F50-4453-B5CB-5E937F01C36E}.Ad-Hoc|x86.ActiveCfg = Ad-Hoc|iPhone
		{D2F3196B-4F50-4453-B5CB-5E937F01C36E}.Ad-Hoc|x86.Build.0 = Ad-Hoc|iPhone
		{D2F3196B-4F50-4453-B5CB-5E937F01C36E}.Ad-Hoc|x86.Deploy.0 = Ad-Hoc|iPhone
		{D2F3196B-4F50-4453-B5CB-5E937F01C36E}.AppStore|Any CPU.ActiveCfg = AppStore|iPhone
		{D2F3196B-4F50-4453-B5CB-5E937F01C36E}.AppStore|Any CPU.Build.0 = AppStore|iPhone
		{D2F3196B-4F50-4453-B5CB-5E937F01C36E}.AppStore|Any CPU.Deploy.0 = AppStore|iPhone
		{D2F3196B-4F50-4453-B5CB-5E937F01C36E}.AppStore|ARM.ActiveCfg = AppStore|iPhone
		{D2F3196B-4F50-4453-B5CB-5E937F01C36E}.AppStore|ARM.Build.0 = AppStore|iPhone
		{D2F3196B-4F50-4453-B5CB-5E937F01C36E}.AppStore|ARM.Deploy.0 = AppStore|iPhone
		{D2F3196B-4F50-4453-B5CB-5E937F01C36E}.AppStore|iPhone.ActiveCfg = AppStore|iPhone
		{D2F3196B-4F50-4453-B5CB-5E937F01C36E}.AppStore|iPhone.Build.0 = AppStore|iPhone
		{D2F3196B-4F50-4453-B5CB-5E937F01C36E}.AppStore|iPhone.Deploy.0 = AppStore|iPhone
		{D2F3196B-4F50-4453-B5CB-5E937F01C36E}.AppStore|iPhoneSimulator.ActiveCfg = AppStore|iPhoneSimulator
		{D2F3196B-4F50-4453-B5CB-5E937F01C36E}.AppStore|iPhoneSimulator.Build.0 = AppStore|iPhoneSimulator
		{D2F3196B-4F50-4453-B5CB-5E937F01C36E}.AppStore|iPhoneSimulator.Deploy.0 = AppStore|iPhoneSimulator
		{D2F3196B-4F50-4453-B5CB-5E937F01C36E}.AppStore|x64.ActiveCfg = AppStore|iPhone
		{D2F3196B-4F50-4453-B5CB-5E937F01C36E}.AppStore|x64.Build.0 = AppStore|iPhone
		{D2F3196B-4F50-4453-B5CB-5E937F01C36E}.AppStore|x64.Deploy.0 = AppStore|iPhone
		{D2F3196B-4F50-4453-B5CB-5E937F01C36E}.AppStore|x86.ActiveCfg = AppStore|iPhone
		{D2F3196B-4F50-4453-B5CB-5E937F01C36E}.AppStore|x86.Build.0 = AppStore|iPhone
		{D2F3196B-4F50-4453-B5CB-5E937F01C36E}.AppStore|x86.Deploy.0 = AppStore|iPhone
		{D2F3196B-4F50-4453-B5CB-5E937F01C36E}.Debug|Any CPU.ActiveCfg = Debug|iPhoneSimulator
		{D2F3196B-4F50-4453-B5CB-5E937F01C36E}.Debug|Any CPU.Build.0 = Debug|iPhoneSimulator
		{D2F3196B-4F50-4453-B5CB-5E937F01C36E}.Debug|Any CPU.Deploy.0 = Debug|iPhoneSimulator
		{D2F3196B-4F50-4453-B5CB-5E937F01C36E}.Debug|ARM.ActiveCfg = Debug|iPhone
		{D2F3196B-4F50-4453-B5CB-5E937F01C36E}.Debug|ARM.Build.0 = Debug|iPhone
		{D2F3196B-4F50-4453-B5CB-5E937F01C36E}.Debug|ARM.Deploy.0 = Debug|iPhone
		{D2F3196B-4F50-4453-B5CB-5E937F01C36E}.Debug|iPhone.ActiveCfg = Debug|iPhone
		{D2F3196B-4F50-4453-B5CB-5E937F01C36E}.Debug|iPhone.Build.0 = Debug|iPhone
		{D2F3196B-4F50-4453-B5CB-5E937F01C36E}.Debug|iPhone.Deploy.0 = Debug|iPhone
		{D2F3196B-4F50-4453-B5CB-5E937F01C36E}.Debug|iPhoneSimulator.ActiveCfg = Debug|iPhoneSimulator
		{D2F3196B-4F50-4453-B5CB-5E937F01C36E}.Debug|iPhoneSimulator.Build.0 = Debug|iPhoneSimulator
		{D2F3196B-4F50-4453-B5CB-5E937F01C36E}.Debug|iPhoneSimulator.Deploy.0 = Debug|iPhoneSimulator
		{D2F3196B-4F50-4453-B5CB-5E937F01C36E}.Debug|x64.ActiveCfg = Debug|iPhone
		{D2F3196B-4F50-4453-B5CB-5E937F01C36E}.Debug|x64.Build.0 = Debug|iPhone
		{D2F3196B-4F50-4453-B5CB-5E937F01C36E}.Debug|x64.Deploy.0 = Debug|iPhone
		{D2F3196B-4F50-4453-B5CB-5E937F01C36E}.Debug|x86.ActiveCfg = Debug|iPhone
		{D2F3196B-4F50-4453-B5CB-5E937F01C36E}.Debug|x86.Build.0 = Debug|iPhone
		{D2F3196B-4F50-4453-B5CB-5E937F01C36E}.Debug|x86.Deploy.0 = Debug|iPhone
		{D2F3196B-4F50-4453-B5CB-5E937F01C36E}.Release|Any CPU.ActiveCfg = Release|iPhone
		{D2F3196B-4F50-4453-B5CB-5E937F01C36E}.Release|Any CPU.Build.0 = Release|iPhone
		{D2F3196B-4F50-4453-B5CB-5E937F01C36E}.Release|Any CPU.Deploy.0 = Release|iPhone
		{D2F3196B-4F50-4453-B5CB-5E937F01C36E}.Release|ARM.ActiveCfg = Release|iPhone
		{D2F3196B-4F50-4453-B5CB-5E937F01C36E}.Release|ARM.Build.0 = Release|iPhone
		{D2F3196B-4F50-4453-B5CB-5E937F01C36E}.Release|ARM.Deploy.0 = Release|iPhone
		{D2F3196B-4F50-4453-B5CB-5E937F01C36E}.Release|iPhone.ActiveCfg = Release|iPhone
		{D2F3196B-4F50-4453-B5CB-5E937F01C36E}.Release|iPhone.Build.0 = Release|iPhone
		{D2F3196B-4F50-4453-B5CB-5E937F01C36E}.Release|iPhone.Deploy.0 = Release|iPhone
		{D2F3196B-4F50-4453-B5CB-5E937F01C36E}.Release|iPhoneSimulator.ActiveCfg = Release|iPhoneSimulator
		{D2F3196B-4F50-4453-B5CB-5E937F01C36E}.Release|iPhoneSimulator.Build.0 = Release|iPhoneSimulator
		{D2F3196B-4F50-4453-B5CB-5E937F01C36E}.Release|iPhoneSimulator.Deploy.0 = Release|iPhoneSimulator
		{D2F3196B-4F50-4453-B5CB-5E937F01C36E}.Release|x64.ActiveCfg = Release|iPhone
		{D2F3196B-4F50-4453-B5CB-5E937F01C36E}.Release|x64.Build.0 = Release|iPhone
		{D2F3196B-4F50-4453-B5CB-5E937F01C36E}.Release|x64.Deploy.0 = Release|iPhone
		{D2F3196B-4F50-4453-B5CB-5E937F01C36E}.Release|x86.ActiveCfg = Release|iPhone
		{D2F3196B-4F50-4453-B5CB-5E937F01C36E}.Release|x86.Build.0 = Release|iPhone
		{D2F3196B-4F50-4453-B5CB-5E937F01C36E}.Release|x86.Deploy.0 = Release|iPhone
		{6AB731DF-F6EB-4DA2-85EA-4D0E5AE0E52A}.Ad-Hoc|Any CPU.ActiveCfg = Release|x86
		{6AB731DF-F6EB-4DA2-85EA-4D0E5AE0E52A}.Ad-Hoc|Any CPU.Build.0 = Release|x86
		{6AB731DF-F6EB-4DA2-85EA-4D0E5AE0E52A}.Ad-Hoc|Any CPU.Deploy.0 = Release|x86
		{6AB731DF-F6EB-4DA2-85EA-4D0E5AE0E52A}.Ad-Hoc|ARM.ActiveCfg = Release|ARM
		{6AB731DF-F6EB-4DA2-85EA-4D0E5AE0E52A}.Ad-Hoc|ARM.Build.0 = Release|ARM
		{6AB731DF-F6EB-4DA2-85EA-4D0E5AE0E52A}.Ad-Hoc|ARM.Deploy.0 = Release|ARM
		{6AB731DF-F6EB-4DA2-85EA-4D0E5AE0E52A}.Ad-Hoc|iPhone.ActiveCfg = Release|x86
		{6AB731DF-F6EB-4DA2-85EA-4D0E5AE0E52A}.Ad-Hoc|iPhone.Build.0 = Release|x86
		{6AB731DF-F6EB-4DA2-85EA-4D0E5AE0E52A}.Ad-Hoc|iPhone.Deploy.0 = Release|x86
		{6AB731DF-F6EB-4DA2-85EA-4D0E5AE0E52A}.Ad-Hoc|iPhoneSimulator.ActiveCfg = Release|x86
		{6AB731DF-F6EB-4DA2-85EA-4D0E5AE0E52A}.Ad-Hoc|iPhoneSimulator.Build.0 = Release|x86
		{6AB731DF-F6EB-4DA2-85EA-4D0E5AE0E52A}.Ad-Hoc|iPhoneSimulator.Deploy.0 = Release|x86
		{6AB731DF-F6EB-4DA2-85EA-4D0E5AE0E52A}.Ad-Hoc|x64.ActiveCfg = Release|x64
		{6AB731DF-F6EB-4DA2-85EA-4D0E5AE0E52A}.Ad-Hoc|x64.Build.0 = Release|x64
		{6AB731DF-F6EB-4DA2-85EA-4D0E5AE0E52A}.Ad-Hoc|x64.Deploy.0 = Release|x64
		{6AB731DF-F6EB-4DA2-85EA-4D0E5AE0E52A}.Ad-Hoc|x86.ActiveCfg = Release|x86
		{6AB731DF-F6EB-4DA2-85EA-4D0E5AE0E52A}.Ad-Hoc|x86.Build.0 = Release|x86
		{6AB731DF-F6EB-4DA2-85EA-4D0E5AE0E52A}.Ad-Hoc|x86.Deploy.0 = Release|x86
		{6AB731DF-F6EB-4DA2-85EA-4D0E5AE0E52A}.AppStore|Any CPU.ActiveCfg = Release|x86
		{6AB731DF-F6EB-4DA2-85EA-4D0E5AE0E52A}.AppStore|Any CPU.Build.0 = Release|x86
		{6AB731DF-F6EB-4DA2-85EA-4D0E5AE0E52A}.AppStore|Any CPU.Deploy.0 = Release|x86
		{6AB731DF-F6EB-4DA2-85EA-4D0E5AE0E52A}.AppStore|ARM.ActiveCfg = Release|ARM
		{6AB731DF-F6EB-4DA2-85EA-4D0E5AE0E52A}.AppStore|ARM.Build.0 = Release|ARM
		{6AB731DF-F6EB-4DA2-85EA-4D0E5AE0E52A}.AppStore|ARM.Deploy.0 = Release|ARM
		{6AB731DF-F6EB-4DA2-85EA-4D0E5AE0E52A}.AppStore|iPhone.ActiveCfg = Release|x86
		{6AB731DF-F6EB-4DA2-85EA-4D0E5AE0E52A}.AppStore|iPhone.Build.0 = Release|x86
		{6AB731DF-F6EB-4DA2-85EA-4D0E5AE0E52A}.AppStore|iPhone.Deploy.0 = Release|x86
		{6AB731DF-F6EB-4DA2-85EA-4D0E5AE0E52A}.AppStore|iPhoneSimulator.ActiveCfg = Release|x86
		{6AB731DF-F6EB-4DA2-85EA-4D0E5AE0E52A}.AppStore|iPhoneSimulator.Build.0 = Release|x86
		{6AB731DF-F6EB-4DA2-85EA-4D0E5AE0E52A}.AppStore|iPhoneSimulator.Deploy.0 = Release|x86
		{6AB731DF-F6EB-4DA2-85EA-4D0E5AE0E52A}.AppStore|x64.ActiveCfg = Release|x64
		{6AB731DF-F6EB-4DA2-85EA-4D0E5AE0E52A}.AppStore|x64.Build.0 = Release|x64
		{6AB731DF-F6EB-4DA2-85EA-4D0E5AE0E52A}.AppStore|x64.Deploy.0 = Release|x64
		{6AB731DF-F6EB-4DA2-85EA-4D0E5AE0E52A}.AppStore|x86.ActiveCfg = Release|x86
		{6AB731DF-F6EB-4DA2-85EA-4D0E5AE0E52A}.AppStore|x86.Build.0 = Release|x86
		{6AB731DF-F6EB-4DA2-85EA-4D0E5AE0E52A}.AppStore|x86.Deploy.0 = Release|x86
		{6AB731DF-F6EB-4DA2-85EA-4D0E5AE0E52A}.Debug|Any CPU.ActiveCfg = Debug|x86
		{6AB731DF-F6EB-4DA2-85EA-4D0E5AE0E52A}.Debug|Any CPU.Build.0 = Debug|x86
		{6AB731DF-F6EB-4DA2-85EA-4D0E5AE0E52A}.Debug|Any CPU.Deploy.0 = Debug|x86
		{6AB731DF-F6EB-4DA2-85EA-4D0E5AE0E52A}.Debug|ARM.ActiveCfg = Debug|ARM
		{6AB731DF-F6EB-4DA2-85EA-4D0E5AE0E52A}.Debug|ARM.Build.0 = Debug|ARM
		{6AB731DF-F6EB-4DA2-85EA-4D0E5AE0E52A}.Debug|ARM.Deploy.0 = Debug|ARM
		{6AB731DF-F6EB-4DA2-85EA-4D0E5AE0E52A}.Debug|iPhone.ActiveCfg = Debug|x86
		{6AB731DF-F6EB-4DA2-85EA-4D0E5AE0E52A}.Debug|iPhone.Build.0 = Debug|x86
		{6AB731DF-F6EB-4DA2-85EA-4D0E5AE0E52A}.Debug|iPhone.Deploy.0 = Debug|x86
		{6AB731DF-F6EB-4DA2-85EA-4D0E5AE0E52A}.Debug|iPhoneSimulator.ActiveCfg = Debug|x86
		{6AB731DF-F6EB-4DA2-85EA-4D0E5AE0E52A}.Debug|iPhoneSimulator.Build.0 = Debug|x86
		{6AB731DF-F6EB-4DA2-85EA-4D0E5AE0E52A}.Debug|iPhoneSimulator.Deploy.0 = Debug|x86
		{6AB731DF-F6EB-4DA2-85EA-4D0E5AE0E52A}.Debug|x64.ActiveCfg = Debug|x64
		{6AB731DF-F6EB-4DA2-85EA-4D0E5AE0E52A}.Debug|x64.Build.0 = Debug|x64
		{6AB731DF-F6EB-4DA2-85EA-4D0E5AE0E52A}.Debug|x64.Deploy.0 = Debug|x64
		{6AB731DF-F6EB-4DA2-85EA-4D0E5AE0E52A}.Debug|x86.ActiveCfg = Debug|x86
		{6AB731DF-F6EB-4DA2-85EA-4D0E5AE0E52A}.Debug|x86.Build.0 = Debug|x86
		{6AB731DF-F6EB-4DA2-85EA-4D0E5AE0E52A}.Debug|x86.Deploy.0 = Debug|x86
		{6AB731DF-F6EB-4DA2-85EA-4D0E5AE0E52A}.Release|Any CPU.ActiveCfg = Release|x86
		{6AB731DF-F6EB-4DA2-85EA-4D0E5AE0E52A}.Release|Any CPU.Build.0 = Release|x86
		{6AB731DF-F6EB-4DA2-85EA-4D0E5AE0E52A}.Release|Any CPU.Deploy.0 = Release|x86
		{6AB731DF-F6EB-4DA2-85EA-4D0E5AE0E52A}.Release|ARM.ActiveCfg = Release|ARM
		{6AB731DF-F6EB-4DA2-85EA-4D0E5AE0E52A}.Release|ARM.Build.0 = Release|ARM
		{6AB731DF-F6EB-4DA2-85EA-4D0E5AE0E52A}.Release|ARM.Deploy.0 = Release|ARM
		{6AB731DF-F6EB-4DA2-85EA-4D0E5AE0E52A}.Release|iPhone.ActiveCfg = Release|x86
		{6AB731DF-F6EB-4DA2-85EA-4D0E5AE0E52A}.Release|iPhone.Build.0 = Release|x86
		{6AB731DF-F6EB-4DA2-85EA-4D0E5AE0E52A}.Release|iPhone.Deploy.0 = Release|x86
		{6AB731DF-F6EB-4DA2-85EA-4D0E5AE0E52A}.Release|iPhoneSimulator.ActiveCfg = Release|x86
		{6AB731DF-F6EB-4DA2-85EA-4D0E5AE0E52A}.Release|iPhoneSimulator.Build.0 = Release|x86
		{6AB731DF-F6EB-4DA2-85EA-4D0E5AE0E52A}.Release|iPhoneSimulator.Deploy.0 = Release|x86
		{6AB731DF-F6EB-4DA2-85EA-4D0E5AE0E52A}.Release|x64.ActiveCfg = Release|x64
		{6AB731DF-F6EB-4DA2-85EA-4D0E5AE0E52A}.Release|x64.Build.0 = Release|x64
		{6AB731DF-F6EB-4DA2-85EA-4D0E5AE0E52A}.Release|x64.Deploy.0 = Release|x64
		{6AB731DF-F6EB-4DA2-85EA-4D0E5AE0E52A}.Release|x86.ActiveCfg = Release|x86
		{6AB731DF-F6EB-4DA2-85EA-4D0E5AE0E52A}.Release|x86.Build.0 = Release|x86
		{6AB731DF-F6EB-4DA2-85EA-4D0E5AE0E52A}.Release|x86.Deploy.0 = Release|x86
		{165D6220-D8B8-43E6-AA55-E75B6675D40B}.Ad-Hoc|Any CPU.ActiveCfg = Debug|Any CPU
		{165D6220-D8B8-43E6-AA55-E75B6675D40B}.Ad-Hoc|Any CPU.Build.0 = Debug|Any CPU
		{165D6220-D8B8-43E6-AA55-E75B6675D40B}.Ad-Hoc|Any CPU.Deploy.0 = Debug|Any CPU
		{165D6220-D8B8-43E6-AA55-E75B6675D40B}.Ad-Hoc|ARM.ActiveCfg = Debug|Any CPU
		{165D6220-D8B8-43E6-AA55-E75B6675D40B}.Ad-Hoc|ARM.Build.0 = Debug|Any CPU
		{165D6220-D8B8-43E6-AA55-E75B6675D40B}.Ad-Hoc|ARM.Deploy.0 = Debug|Any CPU
		{165D6220-D8B8-43E6-AA55-E75B6675D40B}.Ad-Hoc|iPhone.ActiveCfg = Debug|Any CPU
		{165D6220-D8B8-43E6-AA55-E75B6675D40B}.Ad-Hoc|iPhone.Build.0 = Debug|Any CPU
		{165D6220-D8B8-43E6-AA55-E75B6675D40B}.Ad-Hoc|iPhone.Deploy.0 = Debug|Any CPU
		{165D6220-D8B8-43E6-AA55-E75B6675D40B}.Ad-Hoc|iPhoneSimulator.ActiveCfg = Debug|Any CPU
		{165D6220-D8B8-43E6-AA55-E75B6675D40B}.Ad-Hoc|iPhoneSimulator.Build.0 = Debug|Any CPU
		{165D6220-D8B8-43E6-AA55-E75B6675D40B}.Ad-Hoc|iPhoneSimulator.Deploy.0 = Debug|Any CPU
		{165D6220-D8B8-43E6-AA55-E75B6675D40B}.Ad-Hoc|x64.ActiveCfg = Debug|Any CPU
		{165D6220-D8B8-43E6-AA55-E75B6675D40B}.Ad-Hoc|x64.Build.0 = Debug|Any CPU
		{165D6220-D8B8-43E6-AA55-E75B6675D40B}.Ad-Hoc|x64.Deploy.0 = Debug|Any CPU
		{165D6220-D8B8-43E6-AA55-E75B6675D40B}.Ad-Hoc|x86.ActiveCfg = Debug|Any CPU
		{165D6220-D8B8-43E6-AA55-E75B6675D40B}.Ad-Hoc|x86.Build.0 = Debug|Any CPU
		{165D6220-D8B8-43E6-AA55-E75B6675D40B}.Ad-Hoc|x86.Deploy.0 = Debug|Any CPU
		{165D6220-D8B8-43E6-AA55-E75B6675D40B}.AppStore|Any CPU.ActiveCfg = Debug|Any CPU
		{165D6220-D8B8-43E6-AA55-E75B6675D40B}.AppStore|Any CPU.Build.0 = Debug|Any CPU
		{165D6220-D8B8-43E6-AA55-E75B6675D40B}.AppStore|Any CPU.Deploy.0 = Debug|Any CPU
		{165D6220-D8B8-43E6-AA55-E75B6675D40B}.AppStore|ARM.ActiveCfg = Debug|Any CPU
		{165D6220-D8B8-43E6-AA55-E75B6675D40B}.AppStore|ARM.Build.0 = Debug|Any CPU
		{165D6220-D8B8-43E6-AA55-E75B6675D40B}.AppStore|ARM.Deploy.0 = Debug|Any CPU
		{165D6220-D8B8-43E6-AA55-E75B6675D40B}.AppStore|iPhone.ActiveCfg = Debug|Any CPU
		{165D6220-D8B8-43E6-AA55-E75B6675D40B}.AppStore|iPhone.Build.0 = Debug|Any CPU
		{165D6220-D8B8-43E6-AA55-E75B6675D40B}.AppStore|iPhone.Deploy.0 = Debug|Any CPU
		{165D6220-D8B8-43E6-AA55-E75B6675D40B}.AppStore|iPhoneSimulator.ActiveCfg = Debug|Any CPU
		{165D6220-D8B8-43E6-AA55-E75B6675D40B}.AppStore|iPhoneSimulator.Build.0 = Debug|Any CPU
		{165D6220-D8B8-43E6-AA55-E75B6675D40B}.AppStore|iPhoneSimulator.Deploy.0 = Debug|Any CPU
		{165D6220-D8B8-43E6-AA55-E75B6675D40B}.AppStore|x64.ActiveCfg = Debug|Any CPU
		{165D6220-D8B8-43E6-AA55-E75B6675D40B}.AppStore|x64.Build.0 = Debug|Any CPU
		{165D6220-D8B8-43E6-AA55-E75B6675D40B}.AppStore|x64.Deploy.0 = Debug|Any CPU
		{165D6220-D8B8-43E6-AA55-E75B6675D40B}.AppStore|x86.ActiveCfg = Debug|Any CPU
		{165D6220-D8B8-43E6-AA55-E75B6675D40B}.AppStore|x86.Build.0 = Debug|Any CPU
		{165D6220-D8B8-43E6-AA55-E75B6675D40B}.AppStore|x86.Deploy.0 = Debug|Any CPU
		{165D6220-D8B8-43E6-AA55-E75B6675D40B}.Debug|Any CPU.ActiveCfg = Debug|Any CPU
		{165D6220-D8B8-43E6-AA55-E75B6675D40B}.Debug|Any CPU.Build.0 = Debug|Any CPU
		{165D6220-D8B8-43E6-AA55-E75B6675D40B}.Debug|Any CPU.Deploy.0 = Debug|Any CPU
		{165D6220-D8B8-43E6-AA55-E75B6675D40B}.Debug|ARM.ActiveCfg = Debug|Any CPU
		{165D6220-D8B8-43E6-AA55-E75B6675D40B}.Debug|ARM.Build.0 = Debug|Any CPU
		{165D6220-D8B8-43E6-AA55-E75B6675D40B}.Debug|ARM.Deploy.0 = Debug|Any CPU
		{165D6220-D8B8-43E6-AA55-E75B6675D40B}.Debug|iPhone.ActiveCfg = Debug|Any CPU
		{165D6220-D8B8-43E6-AA55-E75B6675D40B}.Debug|iPhone.Build.0 = Debug|Any CPU
		{165D6220-D8B8-43E6-AA55-E75B6675D40B}.Debug|iPhone.Deploy.0 = Debug|Any CPU
		{165D6220-D8B8-43E6-AA55-E75B6675D40B}.Debug|iPhoneSimulator.ActiveCfg = Debug|Any CPU
		{165D6220-D8B8-43E6-AA55-E75B6675D40B}.Debug|iPhoneSimulator.Build.0 = Debug|Any CPU
		{165D6220-D8B8-43E6-AA55-E75B6675D40B}.Debug|iPhoneSimulator.Deploy.0 = Debug|Any CPU
		{165D6220-D8B8-43E6-AA55-E75B6675D40B}.Debug|x64.ActiveCfg = Debug|Any CPU
		{165D6220-D8B8-43E6-AA55-E75B6675D40B}.Debug|x64.Build.0 = Debug|Any CPU
		{165D6220-D8B8-43E6-AA55-E75B6675D40B}.Debug|x64.Deploy.0 = Debug|Any CPU
		{165D6220-D8B8-43E6-AA55-E75B6675D40B}.Debug|x86.ActiveCfg = Debug|Any CPU
		{165D6220-D8B8-43E6-AA55-E75B6675D40B}.Debug|x86.Build.0 = Debug|Any CPU
		{165D6220-D8B8-43E6-AA55-E75B6675D40B}.Debug|x86.Deploy.0 = Debug|Any CPU
		{165D6220-D8B8-43E6-AA55-E75B6675D40B}.Release|Any CPU.ActiveCfg = Release|Any CPU
		{165D6220-D8B8-43E6-AA55-E75B6675D40B}.Release|Any CPU.Build.0 = Release|Any CPU
		{165D6220-D8B8-43E6-AA55-E75B6675D40B}.Release|Any CPU.Deploy.0 = Release|Any CPU
		{165D6220-D8B8-43E6-AA55-E75B6675D40B}.Release|ARM.ActiveCfg = Release|Any CPU
		{165D6220-D8B8-43E6-AA55-E75B6675D40B}.Release|ARM.Build.0 = Release|Any CPU
		{165D6220-D8B8-43E6-AA55-E75B6675D40B}.Release|ARM.Deploy.0 = Release|Any CPU
		{165D6220-D8B8-43E6-AA55-E75B6675D40B}.Release|iPhone.ActiveCfg = Release|Any CPU
		{165D6220-D8B8-43E6-AA55-E75B6675D40B}.Release|iPhone.Build.0 = Release|Any CPU
		{165D6220-D8B8-43E6-AA55-E75B6675D40B}.Release|iPhone.Deploy.0 = Release|Any CPU
		{165D6220-D8B8-43E6-AA55-E75B6675D40B}.Release|iPhoneSimulator.ActiveCfg = Release|Any CPU
		{165D6220-D8B8-43E6-AA55-E75B6675D40B}.Release|iPhoneSimulator.Build.0 = Release|Any CPU
		{165D6220-D8B8-43E6-AA55-E75B6675D40B}.Release|iPhoneSimulator.Deploy.0 = Release|Any CPU
		{165D6220-D8B8-43E6-AA55-E75B6675D40B}.Release|x64.ActiveCfg = Release|Any CPU
		{165D6220-D8B8-43E6-AA55-E75B6675D40B}.Release|x64.Build.0 = Release|Any CPU
		{165D6220-D8B8-43E6-AA55-E75B6675D40B}.Release|x64.Deploy.0 = Release|Any CPU
		{165D6220-D8B8-43E6-AA55-E75B6675D40B}.Release|x86.ActiveCfg = Release|Any CPU
		{165D6220-D8B8-43E6-AA55-E75B6675D40B}.Release|x86.Build.0 = Release|Any CPU
		{165D6220-D8B8-43E6-AA55-E75B6675D40B}.Release|x86.Deploy.0 = Release|Any CPU
	EndGlobalSection
	GlobalSection(SolutionProperties) = preSolution
		HideSolutionNode = FALSE
	EndGlobalSection
	GlobalSection(ExtensibilityGlobals) = postSolution
		SolutionGuid = {8F9FC0A7-0283-4C99-B707-CF8A0AB2558A}
	EndGlobalSection
EndGlobal
